
Microsoft Visual Studio Solution File, Format Version 12.00
# Visual Studio Version 17
VisualStudioVersion = 17.3.32929.385
MinimumVisualStudioVersion = 10.0.40219.1
Project("{2150E333-8FDC-42A3-9474-1A3956D46DE8}") = "Services", "Services", "{5E786B50-7BFE-4852-9379-CEED5C574EC4}"
EndProject
Project("{2150E333-8FDC-42A3-9474-1A3956D46DE8}") = "Catalog", "Catalog", "{B36435A5-68CB-4881-B584-288349DFB1C9}"
EndProject
Project("{9A19103F-16F7-4668-BE54-9A1E7A4F7556}") = "Catalog.API", "Services\Catalog\Catalog.API\Catalog.API.csproj", "{CB4D2EDA-358D-4541-BB80-A72C818086B8}"
EndProject
Project("{E53339B2-1760-4266-BCC7-CA923CBCF16C}") = "docker-compose", "docker-compose.dcproj", "{06D4CA69-D210-46CF-AC4B-8A2E4A95A509}"
EndProject
Project("{2150E333-8FDC-42A3-9474-1A3956D46DE8}") = "Basket", "Basket", "{D17FF576-B34B-4704-AE22-51A56896B3EA}"
EndProject
Project("{9A19103F-16F7-4668-BE54-9A1E7A4F7556}") = "Basket.API", "Services\Basket\Basket.API\Basket.API.csproj", "{3984DA31-C6CB-44AE-B819-035FC837CBB1}"
EndProject
Project("{2150E333-8FDC-42A3-9474-1A3956D46DE8}") = "Discount", "Discount", "{F40467AC-4FA5-443A-9145-FB3B5C06C9D7}"
EndProject
Project("{9A19103F-16F7-4668-BE54-9A1E7A4F7556}") = "Discount.API", "Services\Discount\Discount.API\Discount.API.csproj", "{5D268C21-B04D-4CAF-9AAB-82E7729C3E86}"
EndProject
Project("{FAE04EC0-301F-11D3-BF4B-00C04F79EFBC}") = "Discount.Grpc", "Services\Discount\Discount.Grpc\Discount.Grpc.csproj", "{3B44FBD0-D937-4DC4-862D-D136A62909C0}"
EndProject
Project("{2150E333-8FDC-42A3-9474-1A3956D46DE8}") = "Ordering", "Ordering", "{178C54C3-F8FD-491D-9714-D2FC1EBB2D8C}"
EndProject
Project("{FAE04EC0-301F-11D3-BF4B-00C04F79EFBC}") = "Ordering.API", "Services\Ordering\Ordering.API\Ordering.API.csproj", "{AC05C964-0384-466F-A84C-72C8F04BDB6B}"
EndProject
Global
	GlobalSection(SolutionConfigurationPlatforms) = preSolution
		Debug|Any CPU = Debug|Any CPU
		Release|Any CPU = Release|Any CPU
	EndGlobalSection
	GlobalSection(ProjectConfigurationPlatforms) = postSolution
		{CB4D2EDA-358D-4541-BB80-A72C818086B8}.Debug|Any CPU.ActiveCfg = Debug|Any CPU
		{CB4D2EDA-358D-4541-BB80-A72C818086B8}.Debug|Any CPU.Build.0 = Debug|Any CPU
		{CB4D2EDA-358D-4541-BB80-A72C818086B8}.Release|Any CPU.ActiveCfg = Release|Any CPU
		{CB4D2EDA-358D-4541-BB80-A72C818086B8}.Release|Any CPU.Build.0 = Release|Any CPU
		{06D4CA69-D210-46CF-AC4B-8A2E4A95A509}.Debug|Any CPU.ActiveCfg = Debug|Any CPU
		{06D4CA69-D210-46CF-AC4B-8A2E4A95A509}.Debug|Any CPU.Build.0 = Debug|Any CPU
		{06D4CA69-D210-46CF-AC4B-8A2E4A95A509}.Release|Any CPU.ActiveCfg = Release|Any CPU
		{06D4CA69-D210-46CF-AC4B-8A2E4A95A509}.Release|Any CPU.Build.0 = Release|Any CPU
		{3984DA31-C6CB-44AE-B819-035FC837CBB1}.Debug|Any CPU.ActiveCfg = Debug|Any CPU
		{3984DA31-C6CB-44AE-B819-035FC837CBB1}.Debug|Any CPU.Build.0 = Debug|Any CPU
		{3984DA31-C6CB-44AE-B819-035FC837CBB1}.Release|Any CPU.ActiveCfg = Release|Any CPU
		{3984DA31-C6CB-44AE-B819-035FC837CBB1}.Release|Any CPU.Build.0 = Release|Any CPU
		{5D268C21-B04D-4CAF-9AAB-82E7729C3E86}.Debug|Any CPU.ActiveCfg = Debug|Any CPU
		{5D268C21-B04D-4CAF-9AAB-82E7729C3E86}.Debug|Any CPU.Build.0 = Debug|Any CPU
		{5D268C21-B04D-4CAF-9AAB-82E7729C3E86}.Release|Any CPU.ActiveCfg = Release|Any CPU
		{5D268C21-B04D-4CAF-9AAB-82E7729C3E86}.Release|Any CPU.Build.0 = Release|Any CPU
		{3B44FBD0-D937-4DC4-862D-D136A62909C0}.Debug|Any CPU.ActiveCfg = Debug|Any CPU
		{3B44FBD0-D937-4DC4-862D-D136A62909C0}.Debug|Any CPU.Build.0 = Debug|Any CPU
		{3B44FBD0-D937-4DC4-862D-D136A62909C0}.Release|Any CPU.ActiveCfg = Release|Any CPU
		{3B44FBD0-D937-4DC4-862D-D136A62909C0}.Release|Any CPU.Build.0 = Release|Any CPU
		{AC05C964-0384-466F-A84C-72C8F04BDB6B}.Debug|Any CPU.ActiveCfg = Debug|Any CPU
		{AC05C964-0384-466F-A84C-72C8F04BDB6B}.Debug|Any CPU.Build.0 = Debug|Any CPU
		{AC05C964-0384-466F-A84C-72C8F04BDB6B}.Release|Any CPU.ActiveCfg = Release|Any CPU
		{AC05C964-0384-466F-A84C-72C8F04BDB6B}.Release|Any CPU.Build.0 = Release|Any CPU
	EndGlobalSection
	GlobalSection(SolutionProperties) = preSolution
		HideSolutionNode = FALSE
	EndGlobalSection
	GlobalSection(NestedProjects) = preSolution
		{B36435A5-68CB-4881-B584-288349DFB1C9} = {5E786B50-7BFE-4852-9379-CEED5C574EC4}
		{CB4D2EDA-358D-4541-BB80-A72C818086B8} = {B36435A5-68CB-4881-B584-288349DFB1C9}
		{D17FF576-B34B-4704-AE22-51A56896B3EA} = {5E786B50-7BFE-4852-9379-CEED5C574EC4}
		{3984DA31-C6CB-44AE-B819-035FC837CBB1} = {D17FF576-B34B-4704-AE22-51A56896B3EA}
		{F40467AC-4FA5-443A-9145-FB3B5C06C9D7} = {5E786B50-7BFE-4852-9379-CEED5C574EC4}
		{5D268C21-B04D-4CAF-9AAB-82E7729C3E86} = {F40467AC-4FA5-443A-9145-FB3B5C06C9D7}
		{3B44FBD0-D937-4DC4-862D-D136A62909C0} = {F40467AC-4FA5-443A-9145-FB3B5C06C9D7}
		{178C54C3-F8FD-491D-9714-D2FC1EBB2D8C} = {5E786B50-7BFE-4852-9379-CEED5C574EC4}
		{AC05C964-0384-466F-A84C-72C8F04BDB6B} = {178C54C3-F8FD-491D-9714-D2FC1EBB2D8C}
	EndGlobalSection
	GlobalSection(ExtensibilityGlobals) = postSolution
		SolutionGuid = {83AD3774-7654-4756-A18C-55BFBFAD8EBD}
	EndGlobalSection
EndGlobal
